// !$*UTF8*$!
{
	archiveVersion = 1;
	classes = {
	};
	objectVersion = 56;
	objects = {

/* Begin PBXBuildFile section */
		000000000000000000000051 /* CleanLockApp.swift in Sources */ = {isa = PBXBuildFile; fileRef = 000000000000000000000031 /* CleanLockApp.swift */; };
		000000000000000000000052 /* AppDelegate.swift in Sources */ = {isa = PBXBuildFile; fileRef = 000000000000000000000032 /* AppDelegate.swift */; };
		000000000000000000000053 /* MenuBarController.swift in Sources */ = {isa = PBXBuildFile; fileRef = 000000000000000000000033 /* MenuBarController.swift */; };
		000000000000000000000054 /* PreferencesStore.swift in Sources */ = {isa = PBXBuildFile; fileRef = 000000000000000000000034 /* PreferencesStore.swift */; };
		000000000000000000000055 /* PermissionManager.swift in Sources */ = {isa = PBXBuildFile; fileRef = 000000000000000000000035 /* PermissionManager.swift */; };
		000000000000000000000056 /* InputBlocker.swift in Sources */ = {isa = PBXBuildFile; fileRef = 000000000000000000000036 /* InputBlocker.swift */; };
		000000000000000000000057 /* OverlayManager.swift in Sources */ = {isa = PBXBuildFile; fileRef = 000000000000000000000037 /* OverlayManager.swift */; };
		000000000000000000000058 /* CleaningModeManager.swift in Sources */ = {isa = PBXBuildFile; fileRef = 000000000000000000000038 /* CleaningModeManager.swift */; };
		00000000000000000000005A /* CleaningModeState.swift in Sources */ = {isa = PBXBuildFile; fileRef = 00000000000000000000003A /* CleaningModeState.swift */; };
		00000000000000000000005B /* OnboardingStep.swift in Sources */ = {isa = PBXBuildFile; fileRef = 00000000000000000000003B /* OnboardingStep.swift */; };
		00000000000000000000005C /* AutoUnlockDuration.swift in Sources */ = {isa = PBXBuildFile; fileRef = 00000000000000000000003C /* AutoUnlockDuration.swift */; };
		00000000000000000000005D /* DisplayScope.swift in Sources */ = {isa = PBXBuildFile; fileRef = 00000000000000000000003D /* DisplayScope.swift */; };
		00000000000000000000005E /* CleaningOverlayView.swift in Sources */ = {isa = PBXBuildFile; fileRef = 00000000000000000000003E /* CleaningOverlayView.swift */; };
		00000000000000000000005F /* OnboardingView.swift in Sources */ = {isa = PBXBuildFile; fileRef = 00000000000000000000003F /* OnboardingView.swift */; };
		000000000000000000000060 /* SettingsView.swift in Sources */ = {isa = PBXBuildFile; fileRef = 000000000000000000000040 /* SettingsView.swift */; };
		000000000000000000000061 /* AppIcon.icns in Resources */ = {isa = PBXBuildFile; fileRef = 000000000000000000000042 /* AppIcon.icns */; };
/* End PBXBuildFile section */

/* Begin PBXFileReference section */
		000000000000000000000021 /* CleanLock.app */ = {isa = PBXFileReference; explicitFileType = wrapper.application; includeInIndex = 0; path = CleanLock.app; sourceTree = BUILT_PRODUCTS_DIR; };
		000000000000000000000031 /* CleanLockApp.swift */ = {isa = PBXFileReference; lastKnownFileType = sourcecode.swift; path = CleanLockApp.swift; sourceTree = "<group>"; };
		000000000000000000000032 /* AppDelegate.swift */ = {isa = PBXFileReference; lastKnownFileType = sourcecode.swift; path = AppDelegate.swift; sourceTree = "<group>"; };
		000000000000000000000033 /* MenuBarController.swift */ = {isa = PBXFileReference; lastKnownFileType = sourcecode.swift; path = MenuBarController.swift; sourceTree = "<group>"; };
		000000000000000000000034 /* PreferencesStore.swift */ = {isa = PBXFileReference; lastKnownFileType = sourcecode.swift; path = PreferencesStore.swift; sourceTree = "<group>"; };
		000000000000000000000035 /* PermissionManager.swift */ = {isa = PBXFileReference; lastKnownFileType = sourcecode.swift; path = PermissionManager.swift; sourceTree = "<group>"; };
		000000000000000000000036 /* InputBlocker.swift */ = {isa = PBXFileReference; lastKnownFileType = sourcecode.swift; path = InputBlocker.swift; sourceTree = "<group>"; };
		000000000000000000000037 /* OverlayManager.swift */ = {isa = PBXFileReference; lastKnownFileType = sourcecode.swift; path = OverlayManager.swift; sourceTree = "<group>"; };
		000000000000000000000038 /* CleaningModeManager.swift */ = {isa = PBXFileReference; lastKnownFileType = sourcecode.swift; path = CleaningModeManager.swift; sourceTree = "<group>"; };
		00000000000000000000003A /* CleaningModeState.swift */ = {isa = PBXFileReference; lastKnownFileType = sourcecode.swift; path = CleaningModeState.swift; sourceTree = "<group>"; };
		00000000000000000000003B /* OnboardingStep.swift */ = {isa = PBXFileReference; lastKnownFileType = sourcecode.swift; path = OnboardingStep.swift; sourceTree = "<group>"; };
		00000000000000000000003C /* AutoUnlockDuration.swift */ = {isa = PBXFileReference; lastKnownFileType = sourcecode.swift; path = AutoUnlockDuration.swift; sourceTree = "<group>"; };
		00000000000000000000003D /* DisplayScope.swift */ = {isa = PBXFileReference; lastKnownFileType = sourcecode.swift; path = DisplayScope.swift; sourceTree = "<group>"; };
		00000000000000000000003E /* CleaningOverlayView.swift */ = {isa = PBXFileReference; lastKnownFileType = sourcecode.swift; path = CleaningOverlayView.swift; sourceTree = "<group>"; };
		00000000000000000000003F /* OnboardingView.swift */ = {isa = PBXFileReference; lastKnownFileType = sourcecode.swift; path = OnboardingView.swift; sourceTree = "<group>"; };
		000000000000000000000040 /* SettingsView.swift */ = {isa = PBXFileReference; lastKnownFileType = sourcecode.swift; path = SettingsView.swift; sourceTree = "<group>"; };
		000000000000000000000041 /* Info.plist */ = {isa = PBXFileReference; lastKnownFileType = text.plist.xml; path = Info.plist; sourceTree = "<group>"; };
		000000000000000000000042 /* AppIcon.icns */ = {isa = PBXFileReference; lastKnownFileType = image.icns; path = AppIcon.icns; sourceTree = "<group>"; };
/* End PBXFileReference section */

/* Begin PBXFrameworksBuildPhase section */
		000000000000000000000006 /* Frameworks */ = {
			isa = PBXFrameworksBuildPhase;
			buildActionMask = 2147483647;
			files = (
			);
			runOnlyForDeploymentPostprocessing = 0;
		};
/* End PBXFrameworksBuildPhase section */

/* Begin PBXGroup section */
		000000000000000000000003 = {
			isa = PBXGroup;
			children = (
				000000000000000000000201 /* CleanLock */,
				000000000000000000000004 /* Products */,
			);
			sourceTree = "<group>";
		};
		000000000000000000000004 /* Products */ = {
			isa = PBXGroup;
			children = (
				000000000000000000000021 /* CleanLock.app */,
			);
			name = Products;
			sourceTree = "<group>";
		};
		000000000000000000000201 /* CleanLock */ = {
			isa = PBXGroup;
			children = (
				000000000000000000000202 /* App */,
				000000000000000000000203 /* Controllers */,
				000000000000000000000204 /* Managers */,
				000000000000000000000205 /* Models */,
				000000000000000000000206 /* Views */,
				000000000000000000000207 /* Resources */,
			);
			path = CleanLock;
			sourceTree = "<group>";
		};
		000000000000000000000202 /* App */ = {
			isa = PBXGroup;
			children = (
				000000000000000000000031 /* CleanLockApp.swift */,
				000000000000000000000032 /* AppDelegate.swift */,
			);
			path = App;
			sourceTree = "<group>";
		};
		000000000000000000000203 /* Controllers */ = {
			isa = PBXGroup;
			children = (
				000000000000000000000033 /* MenuBarController.swift */,
			);
			path = Controllers;
			sourceTree = "<group>";
		};
		000000000000000000000204 /* Managers */ = {
			isa = PBXGroup;
			children = (
				000000000000000000000034 /* PreferencesStore.swift */,
				000000000000000000000035 /* PermissionManager.swift */,
				000000000000000000000038 /* CleaningModeManager.swift */,
				000000000000000000000036 /* InputBlocker.swift */,
				000000000000000000000037 /* OverlayManager.swift */,
			);
			path = Managers;
			sourceTree = "<group>";
		};
		000000000000000000000205 /* Models */ = {
			isa = PBXGroup;
			children = (
				00000000000000000000003A /* CleaningModeState.swift */,
				00000000000000000000003B /* OnboardingStep.swift */,
				00000000000000000000003C /* AutoUnlockDuration.swift */,
				00000000000000000000003D /* DisplayScope.swift */,
			);
			path = Models;
			sourceTree = "<group>";
		};
		000000000000000000000206 /* Views */ = {
			isa = PBXGroup;
			children = (
				00000000000000000000003E /* CleaningOverlayView.swift */,
				00000000000000000000003F /* OnboardingView.swift */,
				000000000000000000000040 /* SettingsView.swift */,
			);
			path = Views;
			sourceTree = "<group>";
		};
		000000000000000000000207 /* Resources */ = {
			isa = PBXGroup;
			children = (
				000000000000000000000041 /* Info.plist */,
				000000000000000000000042 /* AppIcon.icns */,
			);
			path = Resources;
			sourceTree = "<group>";
		};
/* End PBXGroup section */

/* Begin PBXNativeTarget section */
		000000000000000000000002 /* CleanLock */ = {
			isa = PBXNativeTarget;
			buildConfigurationList = 000000000000000000000012 /* Build configuration list for PBXNativeTarget "CleanLock" */;
			buildPhases = (
				000000000000000000000005 /* Sources */,
				000000000000000000000006 /* Frameworks */,
				000000000000000000000007 /* Resources */,
			);
			buildRules = (
			);
			dependencies = (
			);
			name = CleanLock;
			productName = CleanLock;
			productReference = 000000000000000000000021 /* CleanLock.app */;
			productType = "com.apple.product-type.application";
		};
/* End PBXNativeTarget section */

/* Begin PBXProject section */
		000000000000000000000001 /* Project object */ = {
			isa = PBXProject;
			attributes = {
				BuildIndependentTargetsInParallel = 1;
				LastSwiftUpdateCheck = 2600;
				LastUpgradeCheck = 2600;
				TargetAttributes = {
					000000000000000000000002 = {
						CreatedOnToolsVersion = 26.0;
					};
				};
			};
			buildConfigurationList = 000000000000000000000011 /* Build configuration list for PBXProject "CleanLock" */;
			compatibilityVersion = "Xcode 14.0";
			developmentRegion = en;
			hasScannedForEncodings = 0;
			knownRegions = (
				en,
				Base,
			);
			mainGroup = 000000000000000000000003;
			productRefGroup = 000000000000000000000004 /* Products */;
			projectDirPath = "";
			projectRoot = "";
			targets = (
				000000000000000000000002 /* CleanLock */,
			);
		};
/* End PBXProject section */

/* Begin PBXResourcesBuildPhase section */
		000000000000000000000007 /* Resources */ = {
			isa = PBXResourcesBuildPhase;
			buildActionMask = 2147483647;
			files = (
				000000000000000000000061 /* AppIcon.icns in Resources */,
			);
			runOnlyForDeploymentPostprocessing = 0;
		};
/* End PBXResourcesBuildPhase section */

/* Begin PBXSourcesBuildPhase section */
		000000000000000000000005 /* Sources */ = {
			isa = PBXSourcesBuildPhase;
			buildActionMask = 2147483647;
			files = (
				000000000000000000000051 /* CleanLockApp.swift in Sources */,
				000000000000000000000052 /* AppDelegate.swift in Sources */,
				000000000000000000000053 /* MenuBarController.swift in Sources */,
				000000000000000000000054 /* PreferencesStore.swift in Sources */,
				000000000000000000000055 /* PermissionManager.swift in Sources */,
				000000000000000000000056 /* InputBlocker.swift in Sources */,
				000000000000000000000057 /* OverlayManager.swift in Sources */,
				000000000000000000000058 /* CleaningModeManager.swift in Sources */,
				00000000000000000000005A /* CleaningModeState.swift in Sources */,
				00000000000000000000005B /* OnboardingStep.swift in Sources */,
				00000000000000000000005C /* AutoUnlockDuration.swift in Sources */,
				00000000000000000000005D /* DisplayScope.swift in Sources */,
				00000000000000000000005E /* CleaningOverlayView.swift in Sources */,
				00000000000000000000005F /* OnboardingView.swift in Sources */,
				000000000000000000000060 /* SettingsView.swift in Sources */,
			);
			runOnlyForDeploymentPostprocessing = 0;
		};
/* End PBXSourcesBuildPhase section */

/* Begin XCBuildConfiguration section */
		000000000000000000000013 /* Debug */ = {
			isa = XCBuildConfiguration;
			buildSettings = {
				ALWAYS_SEARCH_USER_PATHS = NO;
				CLANG_ANALYZER_NONNULL = YES;
				CLANG_ANALYZER_NUMBER_OBJECT_CONVERSION = YES_AGGRESSIVE;
				CLANG_CXX_LANGUAGE_STANDARD = "gnu++20";
				CLANG_ENABLE_MODULES = YES;
				CLANG_ENABLE_OBJC_ARC = YES;
				CLANG_ENABLE_OBJC_WEAK = YES;
				CLANG_WARN_BLOCK_CAPTURE_AUTORELEASING = YES;
				CLANG_WARN_BOOL_CONVERSION = YES;
				CLANG_WARN_COMMA = YES;
				CLANG_WARN_CONSTANT_CONVERSION = YES;
				CLANG_WARN_DEPRECATED_OBJC_IMPLEMENTATIONS = YES;
				CLANG_WARN_DIRECT_OBJC_ISA_USAGE = YES_ERROR;
				CLANG_WARN_DOCUMENTATION_COMMENTS = YES;
				CLANG_WARN_EMPTY_BODY = YES;
				CLANG_WARN_ENUM_CONVERSION = YES;
				CLANG_WARN_INFINITE_RECURSION = YES;
				CLANG_WARN_INT_CONVERSION = YES;
				CLANG_WARN_NON_LITERAL_NULL_CONVERSION = YES;
				CLANG_WARN_OBJC_IMPLICIT_RETAIN_SELF = YES;
				CLANG_WARN_OBJC_LITERAL_CONVERSION = YES;
				CLANG_WARN_OBJC_ROOT_CLASS = YES_ERROR;
				CLANG_WARN_QUOTED_INCLUDE_IN_FRAMEWORK_HEADER = YES;
				CLANG_WARN_RANGE_LOOP_ANALYSIS = YES;
				CLANG_WARN_STRICT_PROTOTYPES = YES;
				CLANG_WARN_SUSPICIOUS_MOVE = YES;
				CLANG_WARN_UNGUARDED_AVAILABILITY = YES_AGGRESSIVE;
				CLANG_WARN_UNREACHABLE_CODE = YES;
				CLANG_WARN__DUPLICATE_METHOD_MATCH = YES;
				COPY_PHASE_STRIP = NO;
				DEBUG_INFORMATION_FORMAT = dwarf;
				ENABLE_STRICT_OBJC_MSGSEND = YES;
				ENABLE_TESTABILITY = YES;
				ENABLE_USER_SCRIPT_SANDBOXING = YES;
				GCC_C_LANGUAGE_STANDARD = gnu17;
				GCC_DYNAMIC_NO_PIC = NO;
				GCC_NO_COMMON_BLOCKS = YES;
				GCC_OPTIMIZATION_LEVEL = 0;
				GCC_PREPROCESSOR_DEFINITIONS = (
					"DEBUG=1",
					"$(inherited)",
				);
				GCC_WARN_64_TO_32_BIT_CONVERSION = YES;
				GCC_WARN_ABOUT_RETURN_TYPE = YES_ERROR;
				GCC_WARN_UNDECLARED_SELECTOR = YES;
				GCC_WARN_UNINITIALIZED_AUTOS = YES_AGGRESSIVE;
				GCC_WARN_UNUSED_FUNCTION = YES;
				GCC_WARN_UNUSED_VARIABLE = YES;
				MACOSX_DEPLOYMENT_TARGET = 13.0;
				MTL_ENABLE_DEBUG_INFO = INCLUDE_SOURCE;
				MTL_FAST_MATH = YES;
				ONLY_ACTIVE_ARCH = YES;
				SDKROOT = macosx;
				SWIFT_ACTIVE_COMPILATION_CONDITIONS = DEBUG;
				SWIFT_OPTIMIZATION_LEVEL = "-Onone";
			};
			name = Debug;
		};
		000000000000000000000014 /* Release */ = {
			isa = XCBuildConfiguration;
			buildSettings = {
				ALWAYS_SEARCH_USER_PATHS = NO;
				CLANG_ANALYZER_NONNULL = YES;
				CLANG_ANALYZER_NUMBER_OBJECT_CONVERSION = YES_AGGRESSIVE;
				CLANG_CXX_LANGUAGE_STANDARD = "gnu++20";
				CLANG_ENABLE_MODULES = YES;
				CLANG_ENABLE_OBJC_ARC = YES;
				CLANG_ENABLE_OBJC_WEAK = YES;
				CLANG_WARN_BLOCK_CAPTURE_AUTORELEASING = YES;
				CLANG_WARN_BOOL_CONVERSION = YES;
				CLANG_WARN_COMMA = YES;
				CLANG_WARN_CONSTANT_CONVERSION = YES;
				CLANG_WARN_DEPRECATED_OBJC_IMPLEMENTATIONS = YES;
				CLANG_WARN_DIRECT_OBJC_ISA_USAGE = YES_ERROR;
				CLANG_WARN_DOCUMENTATION_COMMENTS = YES;
				CLANG_WARN_EMPTY_BODY = YES;
				CLANG_WARN_ENUM_CONVERSION = YES;
				CLANG_WARN_INFINITE_RECURSION = YES;
				CLANG_WARN_INT_CONVERSION = YES;
				CLANG_WARN_NON_LITERAL_NULL_CONVERSION = YES;
				CLANG_WARN_OBJC_IMPLICIT_RETAIN_SELF = YES;
				CLANG_WARN_OBJC_LITERAL_CONVERSION = YES;
				CLANG_WARN_OBJC_ROOT_CLASS = YES_ERROR;
				CLANG_WARN_QUOTED_INCLUDE_IN_FRAMEWORK_HEADER = YES;
				CLANG_WARN_RANGE_LOOP_ANALYSIS = YES;
				CLANG_WARN_STRICT_PROTOTYPES = YES;
				CLANG_WARN_SUSPICIOUS_MOVE = YES;
				CLANG_WARN_UNGUARDED_AVAILABILITY = YES_AGGRESSIVE;
				CLANG_WARN_UNREACHABLE_CODE = YES;
				CLANG_WARN__DUPLICATE_METHOD_MATCH = YES;
				COPY_PHASE_STRIP = NO;
				DEBUG_INFORMATION_FORMAT = "dwarf-with-dsym";
				ENABLE_NS_ASSERTIONS = NO;
				ENABLE_STRICT_OBJC_MSGSEND = YES;
				ENABLE_USER_SCRIPT_SANDBOXING = YES;
				GCC_C_LANGUAGE_STANDARD = gnu17;
				GCC_NO_COMMON_BLOCKS = YES;
				GCC_WARN_64_TO_32_BIT_CONVERSION = YES;
				GCC_WARN_ABOUT_RETURN_TYPE = YES_ERROR;
				GCC_WARN_UNDECLARED_SELECTOR = YES;
				GCC_WARN_UNINITIALIZED_AUTOS = YES_AGGRESSIVE;
				GCC_WARN_UNUSED_FUNCTION = YES;
				GCC_WARN_UNUSED_VARIABLE = YES;
				MACOSX_DEPLOYMENT_TARGET = 13.0;
				MTL_ENABLE_DEBUG_INFO = NO;
				MTL_FAST_MATH = YES;
				SDKROOT = macosx;
				SWIFT_COMPILATION_MODE = wholemodule;
				SWIFT_OPTIMIZATION_LEVEL = "-O";
			};
			name = Release;
		};
		000000000000000000000015 /* Debug */ = {
			isa = XCBuildConfiguration;
			buildSettings = {
				ASSETCATALOG_COMPILER_GLOBAL_ACCENT_COLOR_NAME = AccentColor;
				CODE_SIGNING_ALLOWED = NO;
				CODE_SIGN_STYLE = Manual;
				CURRENT_PROJECT_VERSION = 1;
				DEVELOPMENT_LANGUAGE = en;
				GENERATE_INFOPLIST_FILE = NO;
				INFOPLIST_FILE = CleanLock/Resources/Info.plist;
				LD_RUNPATH_SEARCH_PATHS = (
					"$(inherited)",
					"@executable_path/../Frameworks",
				);
				MACOSX_DEPLOYMENT_TARGET = 13.0;
				MARKETING_VERSION = 1.0;
				PRODUCT_BUNDLE_IDENTIFIER = dev.cleanlock.CleanLock;
				PRODUCT_NAME = "$(TARGET_NAME)";
				SWIFT_VERSION = 5.0;
			};
			name = Debug;
		};
		000000000000000000000016 /* Release */ = {
			isa = XCBuildConfiguration;
			buildSettings = {
				ASSETCATALOG_COMPILER_GLOBAL_ACCENT_COLOR_NAME = AccentColor;
				CODE_SIGNING_ALLOWED = NO;
				CODE_SIGN_STYLE = Manual;
				CURRENT_PROJECT_VERSION = 1;
				DEVELOPMENT_LANGUAGE = en;
				GENERATE_INFOPLIST_FILE = NO;
				INFOPLIST_FILE = CleanLock/Resources/Info.plist;
				LD_RUNPATH_SEARCH_PATHS = (
					"$(inherited)",
					"@executable_path/../Frameworks",
				);
				MACOSX_DEPLOYMENT_TARGET = 13.0;
				MARKETING_VERSION = 1.0;
				PRODUCT_BUNDLE_IDENTIFIER = dev.cleanlock.CleanLock;
				PRODUCT_NAME = "$(TARGET_NAME)";
				SWIFT_VERSION = 5.0;
			};
			name = Release;
		};
/* End XCBuildConfiguration section */

/* Begin XCConfigurationList section */
		000000000000000000000011 /* Build configuration list for PBXProject "CleanLock" */ = {
			isa = XCConfigurationList;
			buildConfigurations = (
				000000000000000000000013 /* Debug */,
				000000000000000000000014 /* Release */,
			);
			defaultConfigurationIsVisible = 0;
			defaultConfigurationName = Release;
		};
		000000000000000000000012 /* Build configuration list for PBXNativeTarget "CleanLock" */ = {
			isa = XCConfigurationList;
			buildConfigurations = (
				000000000000000000000015 /* Debug */,
				000000000000000000000016 /* Release */,
			);
			defaultConfigurationIsVisible = 0;
			defaultConfigurationName = Release;
		};
/* End XCConfigurationList section */
	};
	rootObject = 000000000000000000000001 /* Project object */;
}
